
Microsoft Visual Studio Solution File, Format Version 12.00
# Visual Studio Version 16
VisualStudioVersion = 16.0.31729.503
MinimumVisualStudioVersion = 10.0.40219.1
Project("{FAE04EC0-301F-11D3-BF4B-00C04F79EFBC}") = "SEmailWithoutAtt", "SEmailWithoutAtt\SEmailWithoutAtt.csproj", "{D226159D-7F29-434E-B98E-52E93D0D7AC9}"
EndProject
Global
	GlobalSection(SolutionConfigurationPlatforms) = preSolution
		Debug|Any CPU = Debug|Any CPU
		Release|Any CPU = Release|Any CPU
	EndGlobalSection
	GlobalSection(ProjectConfigurationPlatforms) = postSolution
		{D226159D-7F29-434E-B98E-52E93D0D7AC9}.Debug|Any CPU.ActiveCfg = Debug|Any CPU
		{D226159D-7F29-434E-B98E-52E93D0D7AC9}.Debug|Any CPU.Build.0 = Debug|Any CPU
		{D226159D-7F29-434E-B98E-52E93D0D7AC9}.Release|Any CPU.ActiveCfg = Release|Any CPU
		{D226159D-7F29-434E-B98E-52E93D0D7AC9}.Release|Any CPU.Build.0 = Release|Any CPU
	EndGlobalSection
	GlobalSection(SolutionProperties) = preSolution
		HideSolutionNode = FALSE
	EndGlobalSection
	GlobalSection(ExtensibilityGlobals) = postSolution
		SolutionGuid = {BDD7ED21-198E-4AAD-B078-FBA16EB9BC55}
	EndGlobalSection
EndGlobal
